// !$*UTF8*$!
{
	archiveVersion = 1;
	classes = {
	};
	objectVersion = 56;
	objects = {

/* Begin PBXBuildFile section */
		79017B652954EE1600257EED /* FirebaseFirestore in Frameworks */ = {isa = PBXBuildFile; productRef = 79017B642954EE1600257EED /* FirebaseFirestore */; };
		790BD0372A4526CF0006213A /* iPhoneNumberField in Frameworks */ = {isa = PBXBuildFile; productRef = 790BD0362A4526CF0006213A /* iPhoneNumberField */; };
		791C336D2A6193600020DEAC /* AddUserToDatabases.swift in Sources */ = {isa = PBXBuildFile; fileRef = 791C336C2A6193600020DEAC /* AddUserToDatabases.swift */; };
		791C336F2A6197300020DEAC /* createFirebaseAccount.swift in Sources */ = {isa = PBXBuildFile; fileRef = 791C336E2A6197300020DEAC /* createFirebaseAccount.swift */; };
		791C33712A6197B80020DEAC /* getContacts.swift in Sources */ = {isa = PBXBuildFile; fileRef = 791C33702A6197B80020DEAC /* getContacts.swift */; };
		791C33732A619E150020DEAC /* googleSignIn.swift in Sources */ = {isa = PBXBuildFile; fileRef = 791C33722A619E150020DEAC /* googleSignIn.swift */; };
		791C33782A61AF590020DEAC /* View.swift in Sources */ = {isa = PBXBuildFile; fileRef = 791C33772A61AF590020DEAC /* View.swift */; };
		791C337B2A61B73A0020DEAC /* PasswordField.swift in Sources */ = {isa = PBXBuildFile; fileRef = 791C337A2A61B73A0020DEAC /* PasswordField.swift */; };
		791C337D2A6339410020DEAC /* LogInFunction.swift in Sources */ = {isa = PBXBuildFile; fileRef = 791C337C2A6339410020DEAC /* LogInFunction.swift */; };
		792C03DE2A2DC2F1004F1A42 /* ProfilePicture.swift in Sources */ = {isa = PBXBuildFile; fileRef = 792C03DD2A2DC2F1004F1A42 /* ProfilePicture.swift */; };
		792E490C2A5EDF0F00D73D7C /* GoogleSignIn in Frameworks */ = {isa = PBXBuildFile; productRef = 792E490B2A5EDF0F00D73D7C /* GoogleSignIn */; };
		792E490E2A5EDF0F00D73D7C /* GoogleSignInSwift in Frameworks */ = {isa = PBXBuildFile; productRef = 792E490D2A5EDF0F00D73D7C /* GoogleSignInSwift */; };
		7935E7C52997111F00CC893F /* UserListener.swift in Sources */ = {isa = PBXBuildFile; fileRef = 7935E7C42997111F00CC893F /* UserListener.swift */; };
		793F554F2A6D6D3200215845 /* GoogleService-Info.plist in Resources */ = {isa = PBXBuildFile; fileRef = 793F554E2A6D6D3200215845 /* GoogleService-Info.plist */; };
		7948CA062A71F2D00074F901 /* HighlightImage.swift in Sources */ = {isa = PBXBuildFile; fileRef = 7948CA052A71F2D00074F901 /* HighlightImage.swift */; };
		7953518529CE53FC00C99B48 /* CreatingNewEventView.swift in Sources */ = {isa = PBXBuildFile; fileRef = 7953518429CE53FC00C99B48 /* CreatingNewEventView.swift */; };
		7953525C29CE577C00C99B48 /* MessageKit in Frameworks */ = {isa = PBXBuildFile; productRef = 7953525B29CE577C00C99B48 /* MessageKit */; };
		7953525F29CE587700C99B48 /* Kingfisher in Frameworks */ = {isa = PBXBuildFile; productRef = 7953525E29CE587700C99B48 /* Kingfisher */; };
		7957B2E72A6A15EE00F94CB4 /* EmailAndPasswordChecks.swift in Sources */ = {isa = PBXBuildFile; fileRef = 7957B2E62A6A15EE00F94CB4 /* EmailAndPasswordChecks.swift */; };
		7957B2ED2A6AFA7700F94CB4 /* Camera Permission.swift in Sources */ = {isa = PBXBuildFile; fileRef = 7957B2EC2A6AFA7700F94CB4 /* Camera Permission.swift */; };
		7957B2EF2A6AFAAE00F94CB4 /* Location Permission.swift in Sources */ = {isa = PBXBuildFile; fileRef = 7957B2EE2A6AFAAE00F94CB4 /* Location Permission.swift */; };
		7957B2F12A6B013200F94CB4 /* CameraPermissionsView.swift in Sources */ = {isa = PBXBuildFile; fileRef = 7957B2F02A6B013200F94CB4 /* CameraPermissionsView.swift */; };
		795C5BEC2953FEDD007FDA83 /* MapOnly.swift in Sources */ = {isa = PBXBuildFile; fileRef = 795C5BEB2953FEDD007FDA83 /* MapOnly.swift */; };
		795C5BEE2953FEEB007FDA83 /* ListPage.swift in Sources */ = {isa = PBXBuildFile; fileRef = 795C5BED2953FEEB007FDA83 /* ListPage.swift */; };
		795C5BF02953FF00007FDA83 /* Highlights.swift in Sources */ = {isa = PBXBuildFile; fileRef = 795C5BEF2953FF00007FDA83 /* Highlights.swift */; };
		795C5BF629540B00007FDA83 /* SettingsView.swift in Sources */ = {isa = PBXBuildFile; fileRef = 795C5BF529540B00007FDA83 /* SettingsView.swift */; };
		795C5BF829540B10007FDA83 /* Profile View.swift in Sources */ = {isa = PBXBuildFile; fileRef = 795C5BF729540B10007FDA83 /* Profile View.swift */; };
		795C5BFA295418D7007FDA83 /* MainView.swift in Sources */ = {isa = PBXBuildFile; fileRef = 795C5BF9295418D7007FDA83 /* MainView.swift */; };
		795C5BFD29541A26007FDA83 /* MessagesTab.swift in Sources */ = {isa = PBXBuildFile; fileRef = 795C5BFC29541A26007FDA83 /* MessagesTab.swift */; };
		7965E08F2A702C10003F46C4 /* signOut.swift in Sources */ = {isa = PBXBuildFile; fileRef = 7965E08E2A702C10003F46C4 /* signOut.swift */; };
		796BA08D2A6B126C00EB0DB4 /* Notification Permission.swift in Sources */ = {isa = PBXBuildFile; fileRef = 796BA08C2A6B126C00EB0DB4 /* Notification Permission.swift */; };
		796CD0122A716891008599EA /* updateUsername.swift in Sources */ = {isa = PBXBuildFile; fileRef = 796CD0112A716891008599EA /* updateUsername.swift */; };
		796CD0142A7189C4008599EA /* ProfileHighlightsView.swift in Sources */ = {isa = PBXBuildFile; fileRef = 796CD0132A7189C4008599EA /* ProfileHighlightsView.swift */; };
		796CD0162A718A0F008599EA /* ProfileEventsView.swift in Sources */ = {isa = PBXBuildFile; fileRef = 796CD0152A718A0F008599EA /* ProfileEventsView.swift */; };
		796CD0182A718CA2008599EA /* HighlightHolder.swift in Sources */ = {isa = PBXBuildFile; fileRef = 796CD0172A718CA2008599EA /* HighlightHolder.swift */; };
		796CD01A2A71E0A5008599EA /* fetchUsername.swift in Sources */ = {isa = PBXBuildFile; fileRef = 796CD0192A71E0A5008599EA /* fetchUsername.swift */; };
		797B1AC32A5F407800DD6B89 /* ContactInfo.swift in Sources */ = {isa = PBXBuildFile; fileRef = 797B1AC22A5F407800DD6B89 /* ContactInfo.swift */; };
		797B1AC62A5F42D600DD6B89 /* fetchingContacts.swift in Sources */ = {isa = PBXBuildFile; fileRef = 797B1AC52A5F42D600DD6B89 /* fetchingContacts.swift */; };
		797B1ACD2A5F449400DD6B89 /* GlobalVariables.swift in Sources */ = {isa = PBXBuildFile; fileRef = 797B1ACC2A5F449400DD6B89 /* GlobalVariables.swift */; };
		797FE3C82A5E2A1100F6A69C /* GoogleButton.swift in Sources */ = {isa = PBXBuildFile; fileRef = 797FE3C52A5E2A1100F6A69C /* GoogleButton.swift */; };
		797FE3C92A5E2A1100F6A69C /* Register.swift in Sources */ = {isa = PBXBuildFile; fileRef = 797FE3C62A5E2A1100F6A69C /* Register.swift */; };
		799F4EBF2A6C4DB700F14074 /* AccountCreationView.swift in Sources */ = {isa = PBXBuildFile; fileRef = 799F4EBE2A6C4DB700F14074 /* AccountCreationView.swift */; };
		799F4EC12A6C53B700F14074 /* AccountCreationBottom.swift in Sources */ = {isa = PBXBuildFile; fileRef = 799F4EC02A6C53B700F14074 /* AccountCreationBottom.swift */; };
		799F4EC32A6C954000F14074 /* ProgressIndicator.swift in Sources */ = {isa = PBXBuildFile; fileRef = 799F4EC22A6C954000F14074 /* ProgressIndicator.swift */; };
		799F4EC52A6CC1B500F14074 /* NotificationPermissionsView.swift in Sources */ = {isa = PBXBuildFile; fileRef = 799F4EC42A6CC1B500F14074 /* NotificationPermissionsView.swift */; };
		79A27C872A69F3A7003DE383 /* HighlightInfo.swift in Sources */ = {isa = PBXBuildFile; fileRef = 79A27C862A69F3A7003DE383 /* HighlightInfo.swift */; };
		79A27C892A69F3D5003DE383 /* HighlightCard.swift in Sources */ = {isa = PBXBuildFile; fileRef = 79A27C882A69F3D5003DE383 /* HighlightCard.swift */; };
		79B1FF7A2A6B337A00012B38 /* Contacts Permission.swift in Sources */ = {isa = PBXBuildFile; fileRef = 79B1FF792A6B337A00012B38 /* Contacts Permission.swift */; };
		79B1FF7C2A6B35AF00012B38 /* ContactsPermissionsView.swift in Sources */ = {isa = PBXBuildFile; fileRef = 79B1FF7B2A6B35AF00012B38 /* ContactsPermissionsView.swift */; };
		79B1FF7E2A6B39F000012B38 /* addContactsToUser.swift in Sources */ = {isa = PBXBuildFile; fileRef = 79B1FF7D2A6B39F000012B38 /* addContactsToUser.swift */; };
		79B822702A647262003133BC /* LocationPermissionsView.swift in Sources */ = {isa = PBXBuildFile; fileRef = 79B8226F2A647262003133BC /* LocationPermissionsView.swift */; };
		79DCC255295611D6000FCD6F /* MapPage.swift in Sources */ = {isa = PBXBuildFile; fileRef = 79DCC254295611D6000FCD6F /* MapPage.swift */; };
		79E4912D2A707FF6009348EF /* ImagePicker.swift in Sources */ = {isa = PBXBuildFile; fileRef = 79E4912C2A707FF6009348EF /* ImagePicker.swift */; };
		79FC9E06294D605300EBD520 /* SlideApp.swift in Sources */ = {isa = PBXBuildFile; fileRef = 79FC9E05294D605300EBD520 /* SlideApp.swift */; };
		79FC9E08294D605300EBD520 /* ContentView.swift in Sources */ = {isa = PBXBuildFile; fileRef = 79FC9E07294D605300EBD520 /* ContentView.swift */; };
		79FC9E0A294D605300EBD520 /* Assets.xcassets in Resources */ = {isa = PBXBuildFile; fileRef = 79FC9E09294D605300EBD520 /* Assets.xcassets */; };
		79FC9E34294D67EA00EBD520 /* FirebaseAnalytics in Frameworks */ = {isa = PBXBuildFile; productRef = 79FC9E33294D67EA00EBD520 /* FirebaseAnalytics */; };
		79FC9E36294D67EA00EBD520 /* FirebaseAppCheck in Frameworks */ = {isa = PBXBuildFile; productRef = 79FC9E35294D67EA00EBD520 /* FirebaseAppCheck */; };
		79FC9E38294D67EA00EBD520 /* FirebaseAuth in Frameworks */ = {isa = PBXBuildFile; productRef = 79FC9E37294D67EA00EBD520 /* FirebaseAuth */; };
		79FC9E3A294D67EA00EBD520 /* FirebaseDatabase in Frameworks */ = {isa = PBXBuildFile; productRef = 79FC9E39294D67EA00EBD520 /* FirebaseDatabase */; };
		79FC9E3C294D67EA00EBD520 /* FirebaseInAppMessaging-Beta in Frameworks */ = {isa = PBXBuildFile; productRef = 79FC9E3B294D67EA00EBD520 /* FirebaseInAppMessaging-Beta */; };
		79FC9E3E294D67EA00EBD520 /* FirebaseInAppMessagingSwift-Beta in Frameworks */ = {isa = PBXBuildFile; productRef = 79FC9E3D294D67EA00EBD520 /* FirebaseInAppMessagingSwift-Beta */; };
		79FC9E40294D67EA00EBD520 /* FirebaseMessaging in Frameworks */ = {isa = PBXBuildFile; productRef = 79FC9E3F294D67EA00EBD520 /* FirebaseMessaging */; };
		79FC9E42294D67EA00EBD520 /* FirebaseRemoteConfig in Frameworks */ = {isa = PBXBuildFile; productRef = 79FC9E41294D67EA00EBD520 /* FirebaseRemoteConfig */; };
		79FC9E44294D67EA00EBD520 /* FirebaseStorage in Frameworks */ = {isa = PBXBuildFile; productRef = 79FC9E43294D67EA00EBD520 /* FirebaseStorage */; };
		79FC9E46294D6A6300EBD520 /* LogIn.swift in Sources */ = {isa = PBXBuildFile; fileRef = 79FC9E45294D6A6300EBD520 /* LogIn.swift */; };
		79FC9E4B294D74B900EBD520 /* FirebaseDynamicLinks in Frameworks */ = {isa = PBXBuildFile; productRef = 79FC9E4A294D74B900EBD520 /* FirebaseDynamicLinks */; };
		9B7E8D0E2A71F1AA0053B875 /* CreateEventView.swift in Sources */ = {isa = PBXBuildFile; fileRef = 9B7E8D0D2A71F1AA0053B875 /* CreateEventView.swift */; };
		9B7E8D102A71F1E90053B875 /* CreateEventPage.swift in Sources */ = {isa = PBXBuildFile; fileRef = 9B7E8D0F2A71F1E90053B875 /* CreateEventPage.swift */; };
		9B8081F02A71D08F001153E5 /* Loader.swift in Sources */ = {isa = PBXBuildFile; fileRef = 9B8081EF2A71D08F001153E5 /* Loader.swift */; };
		9B8081F22A71D0C5001153E5 /* Booked.swift in Sources */ = {isa = PBXBuildFile; fileRef = 9B8081F12A71D0C5001153E5 /* Booked.swift */; };
		9B8081F42A71D0FD001153E5 /* SearchView.swift in Sources */ = {isa = PBXBuildFile; fileRef = 9B8081F32A71D0FD001153E5 /* SearchView.swift */; };
		9B8081F62A71D13D001153E5 /* MapView.swift in Sources */ = {isa = PBXBuildFile; fileRef = 9B8081F52A71D13D001153E5 /* MapView.swift */; };
		E807DF4A29A2B06B0093C87C /* FirebaseFirestoreSwift in Frameworks */ = {isa = PBXBuildFile; productRef = E807DF4929A2B06B0093C87C /* FirebaseFirestoreSwift */; };
		E8AF9E5B29780C0C00D3E007 /* LocationSearchActivationView.swift in Sources */ = {isa = PBXBuildFile; fileRef = E8AF9E5A29780C0C00D3E007 /* LocationSearchActivationView.swift */; };
		E8AF9E642978107000D3E007 /* EventSearchHomeView.swift in Sources */ = {isa = PBXBuildFile; fileRef = E8AF9E632978107000D3E007 /* EventSearchHomeView.swift */; };
		E8AF9E66297810D200D3E007 /* EventLocationRepresentable.swift in Sources */ = {isa = PBXBuildFile; fileRef = E8AF9E65297810D200D3E007 /* EventLocationRepresentable.swift */; };
		E9CD46F82A6BA65200E24317 /* UserSearchAndFriendView.swift in Sources */ = {isa = PBXBuildFile; fileRef = E9CD46F72A6BA65200E24317 /* UserSearchAndFriendView.swift */; };
		E9CD46FA2A6C5E5300E24317 /* PostCreationView.swift in Sources */ = {isa = PBXBuildFile; fileRef = E9CD46F92A6C5E5300E24317 /* PostCreationView.swift */; };
/* End PBXBuildFile section */

/* Begin PBXFileReference section */
		791C336C2A6193600020DEAC /* AddUserToDatabases.swift */ = {isa = PBXFileReference; lastKnownFileType = sourcecode.swift; path = AddUserToDatabases.swift; sourceTree = "<group>"; };
		791C336E2A6197300020DEAC /* createFirebaseAccount.swift */ = {isa = PBXFileReference; lastKnownFileType = sourcecode.swift; path = createFirebaseAccount.swift; sourceTree = "<group>"; };
		791C33702A6197B80020DEAC /* getContacts.swift */ = {isa = PBXFileReference; lastKnownFileType = sourcecode.swift; path = getContacts.swift; sourceTree = "<group>"; };
		791C33722A619E150020DEAC /* googleSignIn.swift */ = {isa = PBXFileReference; lastKnownFileType = sourcecode.swift; path = googleSignIn.swift; sourceTree = "<group>"; };
		791C33742A61A3680020DEAC /* Info.plist */ = {isa = PBXFileReference; lastKnownFileType = text.plist.xml; path = Info.plist; sourceTree = "<group>"; };
		791C33772A61AF590020DEAC /* View.swift */ = {isa = PBXFileReference; lastKnownFileType = sourcecode.swift; path = View.swift; sourceTree = "<group>"; };
		791C337A2A61B73A0020DEAC /* PasswordField.swift */ = {isa = PBXFileReference; lastKnownFileType = sourcecode.swift; path = PasswordField.swift; sourceTree = "<group>"; };
		791C337C2A6339410020DEAC /* LogInFunction.swift */ = {isa = PBXFileReference; lastKnownFileType = sourcecode.swift; path = LogInFunction.swift; sourceTree = "<group>"; };
		792C03DD2A2DC2F1004F1A42 /* ProfilePicture.swift */ = {isa = PBXFileReference; lastKnownFileType = sourcecode.swift; path = ProfilePicture.swift; sourceTree = "<group>"; };
		7935E7C42997111F00CC893F /* UserListener.swift */ = {isa = PBXFileReference; lastKnownFileType = sourcecode.swift; path = UserListener.swift; sourceTree = "<group>"; };
		793F554E2A6D6D3200215845 /* GoogleService-Info.plist */ = {isa = PBXFileReference; fileEncoding = 4; lastKnownFileType = text.plist.xml; path = "GoogleService-Info.plist"; sourceTree = "<group>"; };
		7948CA052A71F2D00074F901 /* HighlightImage.swift */ = {isa = PBXFileReference; lastKnownFileType = sourcecode.swift; path = HighlightImage.swift; sourceTree = "<group>"; };
		7953518429CE53FC00C99B48 /* CreatingNewEventView.swift */ = {isa = PBXFileReference; fileEncoding = 4; lastKnownFileType = sourcecode.swift; path = CreatingNewEventView.swift; sourceTree = "<group>"; };
		7957B2E62A6A15EE00F94CB4 /* EmailAndPasswordChecks.swift */ = {isa = PBXFileReference; lastKnownFileType = sourcecode.swift; path = EmailAndPasswordChecks.swift; sourceTree = "<group>"; };
		7957B2EC2A6AFA7700F94CB4 /* Camera Permission.swift */ = {isa = PBXFileReference; lastKnownFileType = sourcecode.swift; path = "Camera Permission.swift"; sourceTree = "<group>"; };
		7957B2EE2A6AFAAE00F94CB4 /* Location Permission.swift */ = {isa = PBXFileReference; lastKnownFileType = sourcecode.swift; path = "Location Permission.swift"; sourceTree = "<group>"; };
		7957B2F02A6B013200F94CB4 /* CameraPermissionsView.swift */ = {isa = PBXFileReference; lastKnownFileType = sourcecode.swift; path = CameraPermissionsView.swift; sourceTree = "<group>"; };
		795C5BEB2953FEDD007FDA83 /* MapOnly.swift */ = {isa = PBXFileReference; lastKnownFileType = sourcecode.swift; path = MapOnly.swift; sourceTree = "<group>"; };
		795C5BED2953FEEB007FDA83 /* ListPage.swift */ = {isa = PBXFileReference; lastKnownFileType = sourcecode.swift; path = ListPage.swift; sourceTree = "<group>"; };
		795C5BEF2953FF00007FDA83 /* Highlights.swift */ = {isa = PBXFileReference; lastKnownFileType = sourcecode.swift; path = Highlights.swift; sourceTree = "<group>"; };
		795C5BF529540B00007FDA83 /* SettingsView.swift */ = {isa = PBXFileReference; lastKnownFileType = sourcecode.swift; path = SettingsView.swift; sourceTree = "<group>"; };
		795C5BF729540B10007FDA83 /* Profile View.swift */ = {isa = PBXFileReference; lastKnownFileType = sourcecode.swift; path = "Profile View.swift"; sourceTree = "<group>"; };
		795C5BF9295418D7007FDA83 /* MainView.swift */ = {isa = PBXFileReference; lastKnownFileType = sourcecode.swift; path = MainView.swift; sourceTree = "<group>"; };
		795C5BFC29541A26007FDA83 /* MessagesTab.swift */ = {isa = PBXFileReference; lastKnownFileType = sourcecode.swift; path = MessagesTab.swift; sourceTree = "<group>"; };
		7965E08E2A702C10003F46C4 /* signOut.swift */ = {isa = PBXFileReference; lastKnownFileType = sourcecode.swift; path = signOut.swift; sourceTree = "<group>"; };
		796BA08C2A6B126C00EB0DB4 /* Notification Permission.swift */ = {isa = PBXFileReference; lastKnownFileType = sourcecode.swift; path = "Notification Permission.swift"; sourceTree = "<group>"; };
		796CD0112A716891008599EA /* updateUsername.swift */ = {isa = PBXFileReference; lastKnownFileType = sourcecode.swift; path = updateUsername.swift; sourceTree = "<group>"; };
		796CD0132A7189C4008599EA /* ProfileHighlightsView.swift */ = {isa = PBXFileReference; lastKnownFileType = sourcecode.swift; path = ProfileHighlightsView.swift; sourceTree = "<group>"; };
		796CD0152A718A0F008599EA /* ProfileEventsView.swift */ = {isa = PBXFileReference; lastKnownFileType = sourcecode.swift; path = ProfileEventsView.swift; sourceTree = "<group>"; };
		796CD0172A718CA2008599EA /* HighlightHolder.swift */ = {isa = PBXFileReference; lastKnownFileType = sourcecode.swift; path = HighlightHolder.swift; sourceTree = "<group>"; };
		796CD0192A71E0A5008599EA /* fetchUsername.swift */ = {isa = PBXFileReference; lastKnownFileType = sourcecode.swift; path = fetchUsername.swift; sourceTree = "<group>"; };
		797B1AC22A5F407800DD6B89 /* ContactInfo.swift */ = {isa = PBXFileReference; lastKnownFileType = sourcecode.swift; path = ContactInfo.swift; sourceTree = "<group>"; };
		797B1AC52A5F42D600DD6B89 /* fetchingContacts.swift */ = {isa = PBXFileReference; lastKnownFileType = sourcecode.swift; path = fetchingContacts.swift; sourceTree = "<group>"; };
		797B1ACC2A5F449400DD6B89 /* GlobalVariables.swift */ = {isa = PBXFileReference; lastKnownFileType = sourcecode.swift; path = GlobalVariables.swift; sourceTree = "<group>"; };
		797FE3C52A5E2A1100F6A69C /* GoogleButton.swift */ = {isa = PBXFileReference; fileEncoding = 4; lastKnownFileType = sourcecode.swift; path = GoogleButton.swift; sourceTree = "<group>"; };
		797FE3C62A5E2A1100F6A69C /* Register.swift */ = {isa = PBXFileReference; fileEncoding = 4; lastKnownFileType = sourcecode.swift; path = Register.swift; sourceTree = "<group>"; };
		799F4EBE2A6C4DB700F14074 /* AccountCreationView.swift */ = {isa = PBXFileReference; lastKnownFileType = sourcecode.swift; path = AccountCreationView.swift; sourceTree = "<group>"; };
		799F4EC02A6C53B700F14074 /* AccountCreationBottom.swift */ = {isa = PBXFileReference; lastKnownFileType = sourcecode.swift; path = AccountCreationBottom.swift; sourceTree = "<group>"; };
		799F4EC22A6C954000F14074 /* ProgressIndicator.swift */ = {isa = PBXFileReference; lastKnownFileType = sourcecode.swift; path = ProgressIndicator.swift; sourceTree = "<group>"; };
		799F4EC42A6CC1B500F14074 /* NotificationPermissionsView.swift */ = {isa = PBXFileReference; lastKnownFileType = sourcecode.swift; path = NotificationPermissionsView.swift; sourceTree = "<group>"; };
		79A27C862A69F3A7003DE383 /* HighlightInfo.swift */ = {isa = PBXFileReference; lastKnownFileType = sourcecode.swift; path = HighlightInfo.swift; sourceTree = "<group>"; };
		79A27C882A69F3D5003DE383 /* HighlightCard.swift */ = {isa = PBXFileReference; lastKnownFileType = sourcecode.swift; path = HighlightCard.swift; sourceTree = "<group>"; };
		79B1FF792A6B337A00012B38 /* Contacts Permission.swift */ = {isa = PBXFileReference; lastKnownFileType = sourcecode.swift; path = "Contacts Permission.swift"; sourceTree = "<group>"; };
		79B1FF7B2A6B35AF00012B38 /* ContactsPermissionsView.swift */ = {isa = PBXFileReference; lastKnownFileType = sourcecode.swift; path = ContactsPermissionsView.swift; sourceTree = "<group>"; };
		79B1FF7D2A6B39F000012B38 /* addContactsToUser.swift */ = {isa = PBXFileReference; lastKnownFileType = sourcecode.swift; path = addContactsToUser.swift; sourceTree = "<group>"; };
		79B8226F2A647262003133BC /* LocationPermissionsView.swift */ = {isa = PBXFileReference; lastKnownFileType = sourcecode.swift; path = LocationPermissionsView.swift; sourceTree = "<group>"; };
		79DCC254295611D6000FCD6F /* MapPage.swift */ = {isa = PBXFileReference; lastKnownFileType = sourcecode.swift; path = MapPage.swift; sourceTree = "<group>"; };
		79E4912C2A707FF6009348EF /* ImagePicker.swift */ = {isa = PBXFileReference; lastKnownFileType = sourcecode.swift; path = ImagePicker.swift; sourceTree = "<group>"; };
		79FC9E02294D605300EBD520 /* Slide.app */ = {isa = PBXFileReference; explicitFileType = wrapper.application; includeInIndex = 0; path = Slide.app; sourceTree = BUILT_PRODUCTS_DIR; };
		79FC9E05294D605300EBD520 /* SlideApp.swift */ = {isa = PBXFileReference; lastKnownFileType = sourcecode.swift; path = SlideApp.swift; sourceTree = "<group>"; };
		79FC9E07294D605300EBD520 /* ContentView.swift */ = {isa = PBXFileReference; lastKnownFileType = sourcecode.swift; path = ContentView.swift; sourceTree = "<group>"; };
		79FC9E09294D605300EBD520 /* Assets.xcassets */ = {isa = PBXFileReference; lastKnownFileType = folder.assetcatalog; path = Assets.xcassets; sourceTree = "<group>"; };
		79FC9E45294D6A6300EBD520 /* LogIn.swift */ = {isa = PBXFileReference; lastKnownFileType = sourcecode.swift; path = LogIn.swift; sourceTree = "<group>"; };
		9B7E8D0D2A71F1AA0053B875 /* CreateEventView.swift */ = {isa = PBXFileReference; lastKnownFileType = sourcecode.swift; path = CreateEventView.swift; sourceTree = "<group>"; };
		9B7E8D0F2A71F1E90053B875 /* CreateEventPage.swift */ = {isa = PBXFileReference; lastKnownFileType = sourcecode.swift; path = CreateEventPage.swift; sourceTree = "<group>"; };
		9B8081EF2A71D08F001153E5 /* Loader.swift */ = {isa = PBXFileReference; lastKnownFileType = sourcecode.swift; path = Loader.swift; sourceTree = "<group>"; };
		9B8081F12A71D0C5001153E5 /* Booked.swift */ = {isa = PBXFileReference; lastKnownFileType = sourcecode.swift; path = Booked.swift; sourceTree = "<group>"; };
		9B8081F32A71D0FD001153E5 /* SearchView.swift */ = {isa = PBXFileReference; lastKnownFileType = sourcecode.swift; path = SearchView.swift; sourceTree = "<group>"; };
		9B8081F52A71D13D001153E5 /* MapView.swift */ = {isa = PBXFileReference; lastKnownFileType = sourcecode.swift; path = MapView.swift; sourceTree = "<group>"; };
		E8AF9E5A29780C0C00D3E007 /* LocationSearchActivationView.swift */ = {isa = PBXFileReference; lastKnownFileType = sourcecode.swift; path = LocationSearchActivationView.swift; sourceTree = "<group>"; };
		E8AF9E632978107000D3E007 /* EventSearchHomeView.swift */ = {isa = PBXFileReference; lastKnownFileType = sourcecode.swift; path = EventSearchHomeView.swift; sourceTree = "<group>"; };
		E8AF9E65297810D200D3E007 /* EventLocationRepresentable.swift */ = {isa = PBXFileReference; lastKnownFileType = sourcecode.swift; path = EventLocationRepresentable.swift; sourceTree = "<group>"; };
		E9CD46F72A6BA65200E24317 /* UserSearchAndFriendView.swift */ = {isa = PBXFileReference; fileEncoding = 4; lastKnownFileType = sourcecode.swift; path = UserSearchAndFriendView.swift; sourceTree = "<group>"; };
		E9CD46F92A6C5E5300E24317 /* PostCreationView.swift */ = {isa = PBXFileReference; fileEncoding = 4; lastKnownFileType = sourcecode.swift; path = PostCreationView.swift; sourceTree = "<group>"; };
/* End PBXFileReference section */

/* Begin PBXFrameworksBuildPhase section */
		79FC9DFF294D605300EBD520 /* Frameworks */ = {
			isa = PBXFrameworksBuildPhase;
			buildActionMask = 2147483647;
			files = (
				79FC9E36294D67EA00EBD520 /* FirebaseAppCheck in Frameworks */,
				792E490C2A5EDF0F00D73D7C /* GoogleSignIn in Frameworks */,
				790BD0372A4526CF0006213A /* iPhoneNumberField in Frameworks */,
				79FC9E38294D67EA00EBD520 /* FirebaseAuth in Frameworks */,
				79FC9E44294D67EA00EBD520 /* FirebaseStorage in Frameworks */,
				7953525C29CE577C00C99B48 /* MessageKit in Frameworks */,
				79FC9E40294D67EA00EBD520 /* FirebaseMessaging in Frameworks */,
				79FC9E3A294D67EA00EBD520 /* FirebaseDatabase in Frameworks */,
				79017B652954EE1600257EED /* FirebaseFirestore in Frameworks */,
				792E490E2A5EDF0F00D73D7C /* GoogleSignInSwift in Frameworks */,
				79FC9E34294D67EA00EBD520 /* FirebaseAnalytics in Frameworks */,
				E807DF4A29A2B06B0093C87C /* FirebaseFirestoreSwift in Frameworks */,
				7953525F29CE587700C99B48 /* Kingfisher in Frameworks */,
				79FC9E3E294D67EA00EBD520 /* FirebaseInAppMessagingSwift-Beta in Frameworks */,
				79FC9E3C294D67EA00EBD520 /* FirebaseInAppMessaging-Beta in Frameworks */,
				79FC9E42294D67EA00EBD520 /* FirebaseRemoteConfig in Frameworks */,
				79FC9E4B294D74B900EBD520 /* FirebaseDynamicLinks in Frameworks */,
			);
			runOnlyForDeploymentPostprocessing = 0;
		};
/* End PBXFrameworksBuildPhase section */

/* Begin PBXGroup section */
		791C33762A61AF4A0020DEAC /* Extensions */ = {
			isa = PBXGroup;
			children = (
				791C33772A61AF590020DEAC /* View.swift */,
			);
			path = Extensions;
			sourceTree = "<group>";
		};
		791C33792A61B6BE0020DEAC /* Authentication */ = {
			isa = PBXGroup;
			children = (
				797B1AC22A5F407800DD6B89 /* ContactInfo.swift */,
				797FE3C52A5E2A1100F6A69C /* GoogleButton.swift */,
				791C337A2A61B73A0020DEAC /* PasswordField.swift */,
				799F4EC02A6C53B700F14074 /* AccountCreationBottom.swift */,
				799F4EC22A6C954000F14074 /* ProgressIndicator.swift */,
			);
			path = Authentication;
			sourceTree = "<group>";
		};
		7957B2EB2A6AFA4E00F94CB4 /* Permissions */ = {
			isa = PBXGroup;
			children = (
				7957B2EC2A6AFA7700F94CB4 /* Camera Permission.swift */,
				7957B2EE2A6AFAAE00F94CB4 /* Location Permission.swift */,
				796BA08C2A6B126C00EB0DB4 /* Notification Permission.swift */,
				79B1FF792A6B337A00012B38 /* Contacts Permission.swift */,
			);
			path = Permissions;
			sourceTree = "<group>";
		};
		795C5BE72953FE9D007FDA83 /* Profile */ = {
			isa = PBXGroup;
			children = (
				795C5BF729540B10007FDA83 /* Profile View.swift */,
				796CD0152A718A0F008599EA /* ProfileEventsView.swift */,
				796CD0132A7189C4008599EA /* ProfileHighlightsView.swift */,
			);
			path = Profile;
			sourceTree = "<group>";
		};
		795C5BE82953FEAD007FDA83 /* Highlights */ = {
			isa = PBXGroup;
			children = (
				795C5BEF2953FF00007FDA83 /* Highlights.swift */,
				E9CD46F92A6C5E5300E24317 /* PostCreationView.swift */,
			);
			path = Highlights;
			sourceTree = "<group>";
		};
		795C5BE92953FEC1007FDA83 /* Map */ = {
			isa = PBXGroup;
			children = (
				9B8081F72A71D8AC001153E5 /* ShowEvents */,
				E81B7A6029A229F6005AA4EE /* CreateEvent */,
			);
			path = Map;
			sourceTree = "<group>";
		};
		795C5BF129540AC2007FDA83 /* Settings */ = {
			isa = PBXGroup;
			children = (
				795C5BF529540B00007FDA83 /* SettingsView.swift */,
			);
			path = Settings;
			sourceTree = "<group>";
		};
		795C5BF229540ADF007FDA83 /* Messaging */ = {
			isa = PBXGroup;
			children = (
				E9CD46F72A6BA65200E24317 /* UserSearchAndFriendView.swift */,
				795C5BFC29541A26007FDA83 /* MessagesTab.swift */,
			);
			path = Messaging;
			sourceTree = "<group>";
		};
		7965E08D2A702C02003F46C4 /* Settings */ = {
			isa = PBXGroup;
			children = (
				7965E08E2A702C10003F46C4 /* signOut.swift */,
				796CD0112A716891008599EA /* updateUsername.swift */,
			);
			path = Settings;
			sourceTree = "<group>";
		};
		797B1AC12A5F405B00DD6B89 /* Structs */ = {
			isa = PBXGroup;
			children = (
				79A27C8B2A6A1439003DE383 /* Map */,
				79A27C852A69F390003DE383 /* Highlights */,
				791C33792A61B6BE0020DEAC /* Authentication */,
				792C03DD2A2DC2F1004F1A42 /* ProfilePicture.swift */,
				79E4912C2A707FF6009348EF /* ImagePicker.swift */,
			);
			path = Structs;
			sourceTree = "<group>";
		};
		797B1AC42A5F42C400DD6B89 /* Functions */ = {
			isa = PBXGroup;
			children = (
				7965E08D2A702C02003F46C4 /* Settings */,
				79A27C8A2A69F453003DE383 /* Authentication */,
				797B1AC72A5F435100DD6B89 /* Contacts */,
				796CD0192A71E0A5008599EA /* fetchUsername.swift */,
			);
			path = Functions;
			sourceTree = "<group>";
		};
		797B1AC72A5F435100DD6B89 /* Contacts */ = {
			isa = PBXGroup;
			children = (
				791C33702A6197B80020DEAC /* getContacts.swift */,
				797B1AC52A5F42D600DD6B89 /* fetchingContacts.swift */,
				79B1FF7D2A6B39F000012B38 /* addContactsToUser.swift */,
			);
			path = Contacts;
			sourceTree = "<group>";
		};
		797B1ACF2A5F5E5100DD6B89 /* Classes */ = {
			isa = PBXGroup;
			children = (
				7957B2EB2A6AFA4E00F94CB4 /* Permissions */,
				7935E7C42997111F00CC893F /* UserListener.swift */,
				796CD0172A718CA2008599EA /* HighlightHolder.swift */,
			);
			path = Classes;
			sourceTree = "<group>";
		};
		799F4EBD2A6C4A1700F14074 /* Permission Views */ = {
			isa = PBXGroup;
			children = (
				79B8226F2A647262003133BC /* LocationPermissionsView.swift */,
				79B1FF7B2A6B35AF00012B38 /* ContactsPermissionsView.swift */,
				7957B2F02A6B013200F94CB4 /* CameraPermissionsView.swift */,
				799F4EC42A6CC1B500F14074 /* NotificationPermissionsView.swift */,
			);
			path = "Permission Views";
			sourceTree = "<group>";
		};
		79A27C852A69F390003DE383 /* Highlights */ = {
			isa = PBXGroup;
			children = (
				79A27C862A69F3A7003DE383 /* HighlightInfo.swift */,
				79A27C882A69F3D5003DE383 /* HighlightCard.swift */,
				7948CA052A71F2D00074F901 /* HighlightImage.swift */,
			);
			path = Highlights;
			sourceTree = "<group>";
		};
		79A27C8A2A69F453003DE383 /* Authentication */ = {
			isa = PBXGroup;
			children = (
				791C336C2A6193600020DEAC /* AddUserToDatabases.swift */,
				791C336E2A6197300020DEAC /* createFirebaseAccount.swift */,
				791C33722A619E150020DEAC /* googleSignIn.swift */,
				791C337C2A6339410020DEAC /* LogInFunction.swift */,
				7957B2E62A6A15EE00F94CB4 /* EmailAndPasswordChecks.swift */,
			);
			path = Authentication;
			sourceTree = "<group>";
		};
		79A27C8B2A6A1439003DE383 /* Map */ = {
			isa = PBXGroup;
			children = (
				795C5BEB2953FEDD007FDA83 /* MapOnly.swift */,
				E8AF9E622978104200D3E007 /* EventSearchHomeView */,
				E8AF9E5829780BB700D3E007 /* LocationSearchActivationView */,
				E8AF9E5C29780D1D00D3E007 /* EventLocationRepresentable */,
			);
			path = Map;
			sourceTree = "<group>";
		};
		79BB5D732950B515007E5342 /* Views */ = {
			isa = PBXGroup;
			children = (
				79FC9E07294D605300EBD520 /* ContentView.swift */,
				795C5BF9295418D7007FDA83 /* MainView.swift */,
				79BB5D742950B522007E5342 /* Authentication */,
				795C5BE82953FEAD007FDA83 /* Highlights */,
				795C5BF229540ADF007FDA83 /* Messaging */,
				795C5BE92953FEC1007FDA83 /* Map */,
				795C5BE72953FE9D007FDA83 /* Profile */,
				795C5BF129540AC2007FDA83 /* Settings */,
			);
			path = Views;
			sourceTree = "<group>";
		};
		79BB5D742950B522007E5342 /* Authentication */ = {
			isa = PBXGroup;
			children = (
				799F4EBE2A6C4DB700F14074 /* AccountCreationView.swift */,
				79FC9E45294D6A6300EBD520 /* LogIn.swift */,
				797FE3C62A5E2A1100F6A69C /* Register.swift */,
				799F4EBD2A6C4A1700F14074 /* Permission Views */,
			);
			path = Authentication;
			sourceTree = "<group>";
		};
		79FC9DF9294D605300EBD520 = {
			isa = PBXGroup;
			children = (
				79FC9E04294D605300EBD520 /* Slide */,
				79FC9E03294D605300EBD520 /* Products */,
			);
			sourceTree = "<group>";
		};
		79FC9E03294D605300EBD520 /* Products */ = {
			isa = PBXGroup;
			children = (
				79FC9E02294D605300EBD520 /* Slide.app */,
			);
			name = Products;
			sourceTree = "<group>";
		};
		79FC9E04294D605300EBD520 /* Slide */ = {
			isa = PBXGroup;
			children = (
				797B1ACC2A5F449400DD6B89 /* GlobalVariables.swift */,
				79FC9E05294D605300EBD520 /* SlideApp.swift */,
				791C33762A61AF4A0020DEAC /* Extensions */,
				797B1AC42A5F42C400DD6B89 /* Functions */,
				797B1ACF2A5F5E5100DD6B89 /* Classes */,
				797B1AC12A5F405B00DD6B89 /* Structs */,
				79BB5D732950B515007E5342 /* Views */,
				79FC9E09294D605300EBD520 /* Assets.xcassets */,
				791C33742A61A3680020DEAC /* Info.plist */,
				793F554E2A6D6D3200215845 /* GoogleService-Info.plist */,
			);
			path = Slide;
			sourceTree = "<group>";
		};
		9B8081F72A71D8AC001153E5 /* ShowEvents */ = {
			isa = PBXGroup;
			children = (
				9B8081F52A71D13D001153E5 /* MapView.swift */,
				9B8081F32A71D0FD001153E5 /* SearchView.swift */,
				9B8081F12A71D0C5001153E5 /* Booked.swift */,
				79DCC254295611D6000FCD6F /* MapPage.swift */,
				795C5BED2953FEEB007FDA83 /* ListPage.swift */,
				9B8081EF2A71D08F001153E5 /* Loader.swift */,
			);
			path = ShowEvents;
			sourceTree = "<group>";
		};
		E81B7A6029A229F6005AA4EE /* CreateEvent */ = {
			isa = PBXGroup;
			children = (
				7953518429CE53FC00C99B48 /* CreatingNewEventView.swift */,
				9B7E8D0D2A71F1AA0053B875 /* CreateEventView.swift */,
				9B7E8D0F2A71F1E90053B875 /* CreateEventPage.swift */,
			);
			path = CreateEvent;
			sourceTree = "<group>";
		};
		E8AF9E5829780BB700D3E007 /* LocationSearchActivationView */ = {
			isa = PBXGroup;
			children = (
				E8AF9E5A29780C0C00D3E007 /* LocationSearchActivationView.swift */,
			);
			path = LocationSearchActivationView;
			sourceTree = "<group>";
		};
		E8AF9E5C29780D1D00D3E007 /* EventLocationRepresentable */ = {
			isa = PBXGroup;
			children = (
				E8AF9E65297810D200D3E007 /* EventLocationRepresentable.swift */,
			);
			path = EventLocationRepresentable;
			sourceTree = "<group>";
		};
		E8AF9E622978104200D3E007 /* EventSearchHomeView */ = {
			isa = PBXGroup;
			children = (
				E8AF9E632978107000D3E007 /* EventSearchHomeView.swift */,
			);
			path = EventSearchHomeView;
			sourceTree = "<group>";
		};
/* End PBXGroup section */

/* Begin PBXNativeTarget section */
		79FC9E01294D605300EBD520 /* Slide */ = {
			isa = PBXNativeTarget;
			buildConfigurationList = 79FC9E26294D605300EBD520 /* Build configuration list for PBXNativeTarget "Slide" */;
			buildPhases = (
				79FC9DFE294D605300EBD520 /* Sources */,
				79FC9DFF294D605300EBD520 /* Frameworks */,
				79FC9E00294D605300EBD520 /* Resources */,
			);
			buildRules = (
			);
			dependencies = (
			);
			name = Slide;
			packageProductDependencies = (
				79FC9E33294D67EA00EBD520 /* FirebaseAnalytics */,
				79FC9E35294D67EA00EBD520 /* FirebaseAppCheck */,
				79FC9E37294D67EA00EBD520 /* FirebaseAuth */,
				79FC9E39294D67EA00EBD520 /* FirebaseDatabase */,
				79FC9E3B294D67EA00EBD520 /* FirebaseInAppMessaging-Beta */,
				79FC9E3D294D67EA00EBD520 /* FirebaseInAppMessagingSwift-Beta */,
				79FC9E3F294D67EA00EBD520 /* FirebaseMessaging */,
				79FC9E41294D67EA00EBD520 /* FirebaseRemoteConfig */,
				79FC9E43294D67EA00EBD520 /* FirebaseStorage */,
				79FC9E4A294D74B900EBD520 /* FirebaseDynamicLinks */,
				79017B642954EE1600257EED /* FirebaseFirestore */,
				E807DF4929A2B06B0093C87C /* FirebaseFirestoreSwift */,
				7953525B29CE577C00C99B48 /* MessageKit */,
				7953525E29CE587700C99B48 /* Kingfisher */,
				790BD0362A4526CF0006213A /* iPhoneNumberField */,
				792E490B2A5EDF0F00D73D7C /* GoogleSignIn */,
				792E490D2A5EDF0F00D73D7C /* GoogleSignInSwift */,
			);
			productName = Slide;
			productReference = 79FC9E02294D605300EBD520 /* Slide.app */;
			productType = "com.apple.product-type.application";
		};
/* End PBXNativeTarget section */

/* Begin PBXProject section */
		79FC9DFA294D605300EBD520 /* Project object */ = {
			isa = PBXProject;
			attributes = {
				BuildIndependentTargetsInParallel = 1;
				LastSwiftUpdateCheck = 1410;
				LastUpgradeCheck = 1410;
				TargetAttributes = {
					79FC9E01294D605300EBD520 = {
						CreatedOnToolsVersion = 14.1;
					};
				};
			};
			buildConfigurationList = 79FC9DFD294D605300EBD520 /* Build configuration list for PBXProject "Slide" */;
			compatibilityVersion = "Xcode 14.0";
			developmentRegion = en;
			hasScannedForEncodings = 0;
			knownRegions = (
				en,
				Base,
			);
			mainGroup = 79FC9DF9294D605300EBD520;
			packageReferences = (
				79FC9E32294D67EA00EBD520 /* XCRemoteSwiftPackageReference "firebase-ios-sdk" */,
				7953525A29CE577C00C99B48 /* XCRemoteSwiftPackageReference "MessageKit" */,
				7953525D29CE587700C99B48 /* XCRemoteSwiftPackageReference "Kingfisher" */,
				790BD0352A4526CF0006213A /* XCRemoteSwiftPackageReference "iPhoneNumberField" */,
				792E490A2A5EDF0F00D73D7C /* XCRemoteSwiftPackageReference "GoogleSignIn-iOS" */,
			);
			productRefGroup = 79FC9E03294D605300EBD520 /* Products */;
			projectDirPath = "";
			projectRoot = "";
			targets = (
				79FC9E01294D605300EBD520 /* Slide */,
			);
		};
/* End PBXProject section */

/* Begin PBXResourcesBuildPhase section */
		79FC9E00294D605300EBD520 /* Resources */ = {
			isa = PBXResourcesBuildPhase;
			buildActionMask = 2147483647;
			files = (
				79FC9E0A294D605300EBD520 /* Assets.xcassets in Resources */,
				793F554F2A6D6D3200215845 /* GoogleService-Info.plist in Resources */,
			);
			runOnlyForDeploymentPostprocessing = 0;
		};
/* End PBXResourcesBuildPhase section */

/* Begin PBXSourcesBuildPhase section */
		79FC9DFE294D605300EBD520 /* Sources */ = {
			isa = PBXSourcesBuildPhase;
			buildActionMask = 2147483647;
			files = (
				9B7E8D0E2A71F1AA0053B875 /* CreateEventView.swift in Sources */,
				799F4EBF2A6C4DB700F14074 /* AccountCreationView.swift in Sources */,
				799F4EC52A6CC1B500F14074 /* NotificationPermissionsView.swift in Sources */,
				797FE3C92A5E2A1100F6A69C /* Register.swift in Sources */,
				E8AF9E642978107000D3E007 /* EventSearchHomeView.swift in Sources */,
				7957B2F12A6B013200F94CB4 /* CameraPermissionsView.swift in Sources */,
				796BA08D2A6B126C00EB0DB4 /* Notification Permission.swift in Sources */,
				791C33712A6197B80020DEAC /* getContacts.swift in Sources */,
				9B8081F62A71D13D001153E5 /* MapView.swift in Sources */,
				7935E7C52997111F00CC893F /* UserListener.swift in Sources */,
				9B8081F02A71D08F001153E5 /* Loader.swift in Sources */,
				795C5BFA295418D7007FDA83 /* MainView.swift in Sources */,
				795C5BEE2953FEEB007FDA83 /* ListPage.swift in Sources */,
				79FC9E08294D605300EBD520 /* ContentView.swift in Sources */,
				7953518529CE53FC00C99B48 /* CreatingNewEventView.swift in Sources */,
				7965E08F2A702C10003F46C4 /* signOut.swift in Sources */,
				79E4912D2A707FF6009348EF /* ImagePicker.swift in Sources */,
				E8AF9E66297810D200D3E007 /* EventLocationRepresentable.swift in Sources */,
				799F4EC12A6C53B700F14074 /* AccountCreationBottom.swift in Sources */,
				791C33732A619E150020DEAC /* googleSignIn.swift in Sources */,
				9B8081F42A71D0FD001153E5 /* SearchView.swift in Sources */,
				795C5BFD29541A26007FDA83 /* MessagesTab.swift in Sources */,
				796CD0162A718A0F008599EA /* ProfileEventsView.swift in Sources */,
				791C337B2A61B73A0020DEAC /* PasswordField.swift in Sources */,
				792C03DE2A2DC2F1004F1A42 /* ProfilePicture.swift in Sources */,
				799F4EC32A6C954000F14074 /* ProgressIndicator.swift in Sources */,
				797FE3C82A5E2A1100F6A69C /* GoogleButton.swift in Sources */,
				796CD01A2A71E0A5008599EA /* fetchUsername.swift in Sources */,
				E9CD46FA2A6C5E5300E24317 /* PostCreationView.swift in Sources */,
				7957B2ED2A6AFA7700F94CB4 /* Camera Permission.swift in Sources */,
				79A27C872A69F3A7003DE383 /* HighlightInfo.swift in Sources */,
				79A27C892A69F3D5003DE383 /* HighlightCard.swift in Sources */,
				796CD0122A716891008599EA /* updateUsername.swift in Sources */,
				791C336D2A6193600020DEAC /* AddUserToDatabases.swift in Sources */,
				9B7E8D102A71F1E90053B875 /* CreateEventPage.swift in Sources */,
				797B1AC32A5F407800DD6B89 /* ContactInfo.swift in Sources */,
				79B1FF7E2A6B39F000012B38 /* addContactsToUser.swift in Sources */,
				795C5BF629540B00007FDA83 /* SettingsView.swift in Sources */,
				9B8081F22A71D0C5001153E5 /* Booked.swift in Sources */,
				79DCC255295611D6000FCD6F /* MapPage.swift in Sources */,
				795C5BEC2953FEDD007FDA83 /* MapOnly.swift in Sources */,
				79FC9E06294D605300EBD520 /* SlideApp.swift in Sources */,
				796CD0182A718CA2008599EA /* HighlightHolder.swift in Sources */,
				7957B2E72A6A15EE00F94CB4 /* EmailAndPasswordChecks.swift in Sources */,
				7948CA062A71F2D00074F901 /* HighlightImage.swift in Sources */,
				796CD0142A7189C4008599EA /* ProfileHighlightsView.swift in Sources */,
				791C337D2A6339410020DEAC /* LogInFunction.swift in Sources */,
				79B1FF7C2A6B35AF00012B38 /* ContactsPermissionsView.swift in Sources */,
				795C5BF829540B10007FDA83 /* Profile View.swift in Sources */,
				E9CD46F82A6BA65200E24317 /* UserSearchAndFriendView.swift in Sources */,
				79B822702A647262003133BC /* LocationPermissionsView.swift in Sources */,
				79B1FF7A2A6B337A00012B38 /* Contacts Permission.swift in Sources */,
				7957B2EF2A6AFAAE00F94CB4 /* Location Permission.swift in Sources */,
				797B1ACD2A5F449400DD6B89 /* GlobalVariables.swift in Sources */,
				791C336F2A6197300020DEAC /* createFirebaseAccount.swift in Sources */,
				795C5BF02953FF00007FDA83 /* Highlights.swift in Sources */,
				79FC9E46294D6A6300EBD520 /* LogIn.swift in Sources */,
				791C33782A61AF590020DEAC /* View.swift in Sources */,
				E8AF9E5B29780C0C00D3E007 /* LocationSearchActivationView.swift in Sources */,
				797B1AC62A5F42D600DD6B89 /* fetchingContacts.swift in Sources */,
			);
			runOnlyForDeploymentPostprocessing = 0;
		};
/* End PBXSourcesBuildPhase section */

/* Begin XCBuildConfiguration section */
		79FC9E24294D605300EBD520 /* Debug */ = {
			isa = XCBuildConfiguration;
			buildSettings = {
				ALWAYS_SEARCH_USER_PATHS = NO;
				CLANG_ANALYZER_NONNULL = YES;
				CLANG_ANALYZER_NUMBER_OBJECT_CONVERSION = YES_AGGRESSIVE;
				CLANG_CXX_LANGUAGE_STANDARD = "gnu++20";
				CLANG_ENABLE_MODULES = YES;
				CLANG_ENABLE_OBJC_ARC = YES;
				CLANG_ENABLE_OBJC_WEAK = YES;
				CLANG_WARN_BLOCK_CAPTURE_AUTORELEASING = YES;
				CLANG_WARN_BOOL_CONVERSION = YES;
				CLANG_WARN_COMMA = YES;
				CLANG_WARN_CONSTANT_CONVERSION = YES;
				CLANG_WARN_DEPRECATED_OBJC_IMPLEMENTATIONS = YES;
				CLANG_WARN_DIRECT_OBJC_ISA_USAGE = YES_ERROR;
				CLANG_WARN_DOCUMENTATION_COMMENTS = YES;
				CLANG_WARN_EMPTY_BODY = YES;
				CLANG_WARN_ENUM_CONVERSION = YES;
				CLANG_WARN_INFINITE_RECURSION = YES;
				CLANG_WARN_INT_CONVERSION = YES;
				CLANG_WARN_NON_LITERAL_NULL_CONVERSION = YES;
				CLANG_WARN_OBJC_IMPLICIT_RETAIN_SELF = YES;
				CLANG_WARN_OBJC_LITERAL_CONVERSION = YES;
				CLANG_WARN_OBJC_ROOT_CLASS = YES_ERROR;
				CLANG_WARN_QUOTED_INCLUDE_IN_FRAMEWORK_HEADER = YES;
				CLANG_WARN_RANGE_LOOP_ANALYSIS = YES;
				CLANG_WARN_STRICT_PROTOTYPES = YES;
				CLANG_WARN_SUSPICIOUS_MOVE = YES;
				CLANG_WARN_UNGUARDED_AVAILABILITY = YES_AGGRESSIVE;
				CLANG_WARN_UNREACHABLE_CODE = YES;
				CLANG_WARN__DUPLICATE_METHOD_MATCH = YES;
				COPY_PHASE_STRIP = NO;
				DEBUG_INFORMATION_FORMAT = dwarf;
				ENABLE_STRICT_OBJC_MSGSEND = YES;
				ENABLE_TESTABILITY = YES;
				GCC_C_LANGUAGE_STANDARD = gnu11;
				GCC_DYNAMIC_NO_PIC = NO;
				GCC_NO_COMMON_BLOCKS = YES;
				GCC_OPTIMIZATION_LEVEL = 0;
				GCC_PREPROCESSOR_DEFINITIONS = (
					"DEBUG=1",
					"$(inherited)",
				);
				GCC_WARN_64_TO_32_BIT_CONVERSION = YES;
				GCC_WARN_ABOUT_RETURN_TYPE = YES_ERROR;
				GCC_WARN_UNDECLARED_SELECTOR = YES;
				GCC_WARN_UNINITIALIZED_AUTOS = YES_AGGRESSIVE;
				GCC_WARN_UNUSED_FUNCTION = YES;
				GCC_WARN_UNUSED_VARIABLE = YES;
				IPHONEOS_DEPLOYMENT_TARGET = 16.1;
				MTL_ENABLE_DEBUG_INFO = INCLUDE_SOURCE;
				MTL_FAST_MATH = YES;
				ONLY_ACTIVE_ARCH = YES;
				SDKROOT = iphoneos;
				SWIFT_ACTIVE_COMPILATION_CONDITIONS = DEBUG;
				SWIFT_OPTIMIZATION_LEVEL = "-Onone";
			};
			name = Debug;
		};
		79FC9E25294D605300EBD520 /* Release */ = {
			isa = XCBuildConfiguration;
			buildSettings = {
				ALWAYS_SEARCH_USER_PATHS = NO;
				CLANG_ANALYZER_NONNULL = YES;
				CLANG_ANALYZER_NUMBER_OBJECT_CONVERSION = YES_AGGRESSIVE;
				CLANG_CXX_LANGUAGE_STANDARD = "gnu++20";
				CLANG_ENABLE_MODULES = YES;
				CLANG_ENABLE_OBJC_ARC = YES;
				CLANG_ENABLE_OBJC_WEAK = YES;
				CLANG_WARN_BLOCK_CAPTURE_AUTORELEASING = YES;
				CLANG_WARN_BOOL_CONVERSION = YES;
				CLANG_WARN_COMMA = YES;
				CLANG_WARN_CONSTANT_CONVERSION = YES;
				CLANG_WARN_DEPRECATED_OBJC_IMPLEMENTATIONS = YES;
				CLANG_WARN_DIRECT_OBJC_ISA_USAGE = YES_ERROR;
				CLANG_WARN_DOCUMENTATION_COMMENTS = YES;
				CLANG_WARN_EMPTY_BODY = YES;
				CLANG_WARN_ENUM_CONVERSION = YES;
				CLANG_WARN_INFINITE_RECURSION = YES;
				CLANG_WARN_INT_CONVERSION = YES;
				CLANG_WARN_NON_LITERAL_NULL_CONVERSION = YES;
				CLANG_WARN_OBJC_IMPLICIT_RETAIN_SELF = YES;
				CLANG_WARN_OBJC_LITERAL_CONVERSION = YES;
				CLANG_WARN_OBJC_ROOT_CLASS = YES_ERROR;
				CLANG_WARN_QUOTED_INCLUDE_IN_FRAMEWORK_HEADER = YES;
				CLANG_WARN_RANGE_LOOP_ANALYSIS = YES;
				CLANG_WARN_STRICT_PROTOTYPES = YES;
				CLANG_WARN_SUSPICIOUS_MOVE = YES;
				CLANG_WARN_UNGUARDED_AVAILABILITY = YES_AGGRESSIVE;
				CLANG_WARN_UNREACHABLE_CODE = YES;
				CLANG_WARN__DUPLICATE_METHOD_MATCH = YES;
				COPY_PHASE_STRIP = NO;
				DEBUG_INFORMATION_FORMAT = "dwarf-with-dsym";
				ENABLE_NS_ASSERTIONS = NO;
				ENABLE_STRICT_OBJC_MSGSEND = YES;
				GCC_C_LANGUAGE_STANDARD = gnu11;
				GCC_NO_COMMON_BLOCKS = YES;
				GCC_WARN_64_TO_32_BIT_CONVERSION = YES;
				GCC_WARN_ABOUT_RETURN_TYPE = YES_ERROR;
				GCC_WARN_UNDECLARED_SELECTOR = YES;
				GCC_WARN_UNINITIALIZED_AUTOS = YES_AGGRESSIVE;
				GCC_WARN_UNUSED_FUNCTION = YES;
				GCC_WARN_UNUSED_VARIABLE = YES;
				IPHONEOS_DEPLOYMENT_TARGET = 16.1;
				MTL_ENABLE_DEBUG_INFO = NO;
				MTL_FAST_MATH = YES;
				SDKROOT = iphoneos;
				SWIFT_COMPILATION_MODE = wholemodule;
				SWIFT_OPTIMIZATION_LEVEL = "-O";
				VALIDATE_PRODUCT = YES;
			};
			name = Release;
		};
		79FC9E27294D605300EBD520 /* Debug */ = {
			isa = XCBuildConfiguration;
			buildSettings = {
				ASSETCATALOG_COMPILER_APPICON_NAME = AppIcon;
				ASSETCATALOG_COMPILER_GLOBAL_ACCENT_COLOR_NAME = AccentColor;
				CODE_SIGN_STYLE = Automatic;
				CURRENT_PROJECT_VERSION = 1;
				DEVELOPMENT_TEAM = SCXLS2Y3XJ;
				ENABLE_PREVIEWS = YES;
				GENERATE_INFOPLIST_FILE = NO;
				INFOPLIST_FILE = Slide/Info.plist;
				INFOPLIST_KEY_CFBundleDisplayName = Slide;
				INFOPLIST_KEY_LSApplicationCategoryType = "public.app-category.social-networking";
				INFOPLIST_KEY_NSContactsUsageDescription = "Slide needs access to your contacts to find your friends easier.";
				INFOPLIST_KEY_NSLocationWhenInUseUsageDescription = "Slide needs your location to display the events around you.";
				INFOPLIST_KEY_NSPhotoLibraryUsageDescription = YAAA;
				INFOPLIST_KEY_UIApplicationSceneManifest_Generation = YES;
				INFOPLIST_KEY_UIApplicationSupportsIndirectInputEvents = YES;
				INFOPLIST_KEY_UISupportedInterfaceOrientations = UIInterfaceOrientationPortrait;
				INFOPLIST_KEY_UIUserInterfaceStyle = Dark;
				IPHONEOS_DEPLOYMENT_TARGET = 16.0;
				LD_RUNPATH_SEARCH_PATHS = (
					"$(inherited)",
					"@executable_path/Frameworks",
				);
				MARKETING_VERSION = 1;
				PRODUCT_BUNDLE_IDENTIFIER = com.slide.social2;
				PRODUCT_NAME = "$(TARGET_NAME)";
				SWIFT_EMIT_LOC_STRINGS = YES;
				SWIFT_VERSION = 5.0;
				TARGETED_DEVICE_FAMILY = "1,2";
			};
			name = Debug;
		};
		79FC9E28294D605300EBD520 /* Release */ = {
			isa = XCBuildConfiguration;
			buildSettings = {
				ASSETCATALOG_COMPILER_APPICON_NAME = AppIcon;
				ASSETCATALOG_COMPILER_GLOBAL_ACCENT_COLOR_NAME = AccentColor;
				CODE_SIGN_STYLE = Automatic;
				CURRENT_PROJECT_VERSION = 1;
				DEVELOPMENT_TEAM = SCXLS2Y3XJ;
				ENABLE_PREVIEWS = YES;
				GENERATE_INFOPLIST_FILE = NO;
				INFOPLIST_FILE = Slide/Info.plist;
				INFOPLIST_KEY_CFBundleDisplayName = Slide;
				INFOPLIST_KEY_LSApplicationCategoryType = "public.app-category.social-networking";
				INFOPLIST_KEY_NSContactsUsageDescription = "Slide needs access to your contacts to find your friends easier.";
				INFOPLIST_KEY_NSLocationWhenInUseUsageDescription = "Slide needs your location to display the events around you.";
				INFOPLIST_KEY_NSPhotoLibraryUsageDescription = YAAA;
				INFOPLIST_KEY_UIApplicationSceneManifest_Generation = YES;
				INFOPLIST_KEY_UIApplicationSupportsIndirectInputEvents = YES;
				INFOPLIST_KEY_UISupportedInterfaceOrientations = UIInterfaceOrientationPortrait;
				INFOPLIST_KEY_UIUserInterfaceStyle = Dark;
				IPHONEOS_DEPLOYMENT_TARGET = 16.0;
				LD_RUNPATH_SEARCH_PATHS = (
					"$(inherited)",
					"@executable_path/Frameworks",
				);
				MARKETING_VERSION = 1;
				PRODUCT_BUNDLE_IDENTIFIER = com.slide.social2;
				PRODUCT_NAME = "$(TARGET_NAME)";
				SWIFT_EMIT_LOC_STRINGS = YES;
				SWIFT_VERSION = 5.0;
				TARGETED_DEVICE_FAMILY = "1,2";
			};
			name = Release;
		};
/* End XCBuildConfiguration section */

/* Begin XCConfigurationList section */
		79FC9DFD294D605300EBD520 /* Build configuration list for PBXProject "Slide" */ = {
			isa = XCConfigurationList;
			buildConfigurations = (
				79FC9E24294D605300EBD520 /* Debug */,
				79FC9E25294D605300EBD520 /* Release */,
			);
			defaultConfigurationIsVisible = 0;
			defaultConfigurationName = Release;
		};
		79FC9E26294D605300EBD520 /* Build configuration list for PBXNativeTarget "Slide" */ = {
			isa = XCConfigurationList;
			buildConfigurations = (
				79FC9E27294D605300EBD520 /* Debug */,
				79FC9E28294D605300EBD520 /* Release */,
			);
			defaultConfigurationIsVisible = 0;
			defaultConfigurationName = Release;
		};
/* End XCConfigurationList section */

/* Begin XCRemoteSwiftPackageReference section */
		790BD0352A4526CF0006213A /* XCRemoteSwiftPackageReference "iPhoneNumberField" */ = {
			isa = XCRemoteSwiftPackageReference;
			repositoryURL = "https://github.com/MojtabaHs/iPhoneNumberField";
			requirement = {
				kind = upToNextMajorVersion;
				minimumVersion = 0.10.1;
			};
		};
		792E490A2A5EDF0F00D73D7C /* XCRemoteSwiftPackageReference "GoogleSignIn-iOS" */ = {
			isa = XCRemoteSwiftPackageReference;
			repositoryURL = "https://github.com/google/GoogleSignIn-iOS";
			requirement = {
				kind = upToNextMajorVersion;
				minimumVersion = 7.0.0;
			};
		};
		7953525A29CE577C00C99B48 /* XCRemoteSwiftPackageReference "MessageKit" */ = {
			isa = XCRemoteSwiftPackageReference;
			repositoryURL = "https://github.com/MessageKit/MessageKit";
			requirement = {
				kind = upToNextMajorVersion;
				minimumVersion = 4.0.0;
			};
		};
		7953525D29CE587700C99B48 /* XCRemoteSwiftPackageReference "Kingfisher" */ = {
			isa = XCRemoteSwiftPackageReference;
			repositoryURL = "https://github.com/onevcat/Kingfisher.git";
			requirement = {
				kind = upToNextMajorVersion;
				minimumVersion = 7.0.0;
			};
		};
		79FC9E32294D67EA00EBD520 /* XCRemoteSwiftPackageReference "firebase-ios-sdk" */ = {
			isa = XCRemoteSwiftPackageReference;
			repositoryURL = "https://github.com/firebase/firebase-ios-sdk";
			requirement = {
				kind = upToNextMajorVersion;
				minimumVersion = 9.0.0;
			};
		};
/* End XCRemoteSwiftPackageReference section */

/* Begin XCSwiftPackageProductDependency section */
		79017B642954EE1600257EED /* FirebaseFirestore */ = {
			isa = XCSwiftPackageProductDependency;
			package = 79FC9E32294D67EA00EBD520 /* XCRemoteSwiftPackageReference "firebase-ios-sdk" */;
			productName = FirebaseFirestore;
		};
		790BD0362A4526CF0006213A /* iPhoneNumberField */ = {
			isa = XCSwiftPackageProductDependency;
			package = 790BD0352A4526CF0006213A /* XCRemoteSwiftPackageReference "iPhoneNumberField" */;
			productName = iPhoneNumberField;
		};
		792E490B2A5EDF0F00D73D7C /* GoogleSignIn */ = {
			isa = XCSwiftPackageProductDependency;
			package = 792E490A2A5EDF0F00D73D7C /* XCRemoteSwiftPackageReference "GoogleSignIn-iOS" */;
			productName = GoogleSignIn;
		};
		792E490D2A5EDF0F00D73D7C /* GoogleSignInSwift */ = {
			isa = XCSwiftPackageProductDependency;
			package = 792E490A2A5EDF0F00D73D7C /* XCRemoteSwiftPackageReference "GoogleSignIn-iOS" */;
			productName = GoogleSignInSwift;
		};
		7953525B29CE577C00C99B48 /* MessageKit */ = {
			isa = XCSwiftPackageProductDependency;
			package = 7953525A29CE577C00C99B48 /* XCRemoteSwiftPackageReference "MessageKit" */;
			productName = MessageKit;
		};
		7953525E29CE587700C99B48 /* Kingfisher */ = {
			isa = XCSwiftPackageProductDependency;
			package = 7953525D29CE587700C99B48 /* XCRemoteSwiftPackageReference "Kingfisher" */;
			productName = Kingfisher;
		};
		79FC9E33294D67EA00EBD520 /* FirebaseAnalytics */ = {
			isa = XCSwiftPackageProductDependency;
			package = 79FC9E32294D67EA00EBD520 /* XCRemoteSwiftPackageReference "firebase-ios-sdk" */;
			productName = FirebaseAnalytics;
		};
		79FC9E35294D67EA00EBD520 /* FirebaseAppCheck */ = {
			isa = XCSwiftPackageProductDependency;
			package = 79FC9E32294D67EA00EBD520 /* XCRemoteSwiftPackageReference "firebase-ios-sdk" */;
			productName = FirebaseAppCheck;
		};
		79FC9E37294D67EA00EBD520 /* FirebaseAuth */ = {
			isa = XCSwiftPackageProductDependency;
			package = 79FC9E32294D67EA00EBD520 /* XCRemoteSwiftPackageReference "firebase-ios-sdk" */;
			productName = FirebaseAuth;
		};
		79FC9E39294D67EA00EBD520 /* FirebaseDatabase */ = {
			isa = XCSwiftPackageProductDependency;
			package = 79FC9E32294D67EA00EBD520 /* XCRemoteSwiftPackageReference "firebase-ios-sdk" */;
			productName = FirebaseDatabase;
		};
		79FC9E3B294D67EA00EBD520 /* FirebaseInAppMessaging-Beta */ = {
			isa = XCSwiftPackageProductDependency;
			package = 79FC9E32294D67EA00EBD520 /* XCRemoteSwiftPackageReference "firebase-ios-sdk" */;
			productName = "FirebaseInAppMessaging-Beta";
		};
		79FC9E3D294D67EA00EBD520 /* FirebaseInAppMessagingSwift-Beta */ = {
			isa = XCSwiftPackageProductDependency;
			package = 79FC9E32294D67EA00EBD520 /* XCRemoteSwiftPackageReference "firebase-ios-sdk" */;
			productName = "FirebaseInAppMessagingSwift-Beta";
		};
		79FC9E3F294D67EA00EBD520 /* FirebaseMessaging */ = {
			isa = XCSwiftPackageProductDependency;
			package = 79FC9E32294D67EA00EBD520 /* XCRemoteSwiftPackageReference "firebase-ios-sdk" */;
			productName = FirebaseMessaging;
		};
		79FC9E41294D67EA00EBD520 /* FirebaseRemoteConfig */ = {
			isa = XCSwiftPackageProductDependency;
			package = 79FC9E32294D67EA00EBD520 /* XCRemoteSwiftPackageReference "firebase-ios-sdk" */;
			productName = FirebaseRemoteConfig;
		};
		79FC9E43294D67EA00EBD520 /* FirebaseStorage */ = {
			isa = XCSwiftPackageProductDependency;
			package = 79FC9E32294D67EA00EBD520 /* XCRemoteSwiftPackageReference "firebase-ios-sdk" */;
			productName = FirebaseStorage;
		};
		79FC9E4A294D74B900EBD520 /* FirebaseDynamicLinks */ = {
			isa = XCSwiftPackageProductDependency;
			package = 79FC9E32294D67EA00EBD520 /* XCRemoteSwiftPackageReference "firebase-ios-sdk" */;
			productName = FirebaseDynamicLinks;
		};
		E807DF4929A2B06B0093C87C /* FirebaseFirestoreSwift */ = {
			isa = XCSwiftPackageProductDependency;
			package = 79FC9E32294D67EA00EBD520 /* XCRemoteSwiftPackageReference "firebase-ios-sdk" */;
			productName = FirebaseFirestoreSwift;
		};
/* End XCSwiftPackageProductDependency section */
	};
	rootObject = 79FC9DFA294D605300EBD520 /* Project object */;
}
